
Microsoft Visual Studio Solution File, Format Version 12.00
# Visual Studio Version 16
VisualStudioVersion = 25.0.1700.0
MinimumVisualStudioVersion = 10.0.40219.1
Project("{FAE04EC0-301F-11D3-BF4B-00C04F79EFBC}") = "CodeCrafters.Bittorrent", "CodeCrafters.Bittorrent.csproj", "{54DDD38B-A46D-494B-9636-0020280D27AB}"

EndProject
Global
	GlobalSection(SolutionConfigurationPlatforms) = preSolution
		Debug|Any CPU = Debug|Any CPU
		Release|Any CPU = Release|Any CPU
	EndGlobalSection
	GlobalSection(ProjectConfigurationPlatforms) = postSolution
		{54DDD38B-A46D-494B-9636-0020280D27AB}.Debug|Any CPU.ActiveCfg = Debug|Any CPU
		{54DDD38B-A46D-494B-9636-0020280D27AB}.Debug|Any CPU.Build.0 = Debug|Any CPU
		{54DDD38B-A46D-494B-9636-0020280D27AB}.Release|Any CPU.ActiveCfg = Release|Any CPU
		{54DDD38B-A46D-494B-9636-0020280D27AB}.Release|Any CPU.Build.0 = Release|Any CPU
	EndGlobalSection
	GlobalSection(SolutionProperties) = preSolution
		HideSolutionNode = FALSE
	EndGlobalSection
	GlobalSection(ExtensibilityGlobals) = postSolution
		SolutionGuid = {78CC8E36-EA0C-462D-9F9D-002DC581E276}
	EndGlobalSection
EndGlobal
